
Microsoft Visual Studio Solution File, Format Version 12.00
# Visual Studio Version 17
VisualStudioVersion = 17.8.34309.116
MinimumVisualStudioVersion = 10.0.40219.1
Project("{FAE04EC0-301F-11D3-BF4B-00C04F79EFBC}") = "CertificateFunction", "CertificateFunction.csproj", "{72DB809B-7019-4717-BDE5-4638EB062B7C}"
EndProject
Global
	GlobalSection(SolutionConfigurationPlatforms) = preSolution
		Debug|Any CPU = Debug|Any CPU
		Release|Any CPU = Release|Any CPU
	EndGlobalSection
	GlobalSection(ProjectConfigurationPlatforms) = postSolution
		{72DB809B-7019-4717-BDE5-4638EB062B7C}.Debug|Any CPU.ActiveCfg = Debug|Any CPU
		{72DB809B-7019-4717-BDE5-4638EB062B7C}.Debug|Any CPU.Build.0 = Debug|Any CPU
		{72DB809B-7019-4717-BDE5-4638EB062B7C}.Release|Any CPU.ActiveCfg = Release|Any CPU
		{72DB809B-7019-4717-BDE5-4638EB062B7C}.Release|Any CPU.Build.0 = Release|Any CPU
	EndGlobalSection
	GlobalSection(SolutionProperties) = preSolution
		HideSolutionNode = FALSE
	EndGlobalSection
	GlobalSection(ExtensibilityGlobals) = postSolution
		SolutionGuid = {426A0458-5128-4B3F-BD61-D3BC4401A3BE}
	EndGlobalSection
EndGlobal
